
Microsoft Visual Studio Solution File, Format Version 12.00
# Visual Studio 15
Project("{FAE04EC0-301F-11D3-BF4B-00C04F79EFBC}") = "Assembly-CSharp", "Assembly-CSharp.csproj", "{F60AEF74-658D-158C-35FD-7FA63D8F879E}"
EndProject
Project("{FAE04EC0-301F-11D3-BF4B-00C04F79EFBC}") = "Assembly-CSharp-Editor", "Assembly-CSharp-Editor.csproj", "{B1C253D5-43A6-B38C-541B-84377E0C13F3}"
EndProject
Global
	GlobalSection(SolutionConfigurationPlatforms) = preSolution
		Debug|Any CPU = Debug|Any CPU
		Release|Any CPU = Release|Any CPU
	EndGlobalSection
	GlobalSection(ProjectConfigurationPlatforms) = postSolution
		{F60AEF74-658D-158C-35FD-7FA63D8F879E}.Debug|Any CPU.ActiveCfg = Debug|Any CPU
		{F60AEF74-658D-158C-35FD-7FA63D8F879E}.Debug|Any CPU.Build.0 = Debug|Any CPU
		{F60AEF74-658D-158C-35FD-7FA63D8F879E}.Release|Any CPU.ActiveCfg = Release|Any CPU
		{F60AEF74-658D-158C-35FD-7FA63D8F879E}.Release|Any CPU.Build.0 = Release|Any CPU
		{B1C253D5-43A6-B38C-541B-84377E0C13F3}.Debug|Any CPU.ActiveCfg = Debug|Any CPU
		{B1C253D5-43A6-B38C-541B-84377E0C13F3}.Debug|Any CPU.Build.0 = Debug|Any CPU
		{B1C253D5-43A6-B38C-541B-84377E0C13F3}.Release|Any CPU.ActiveCfg = Release|Any CPU
		{B1C253D5-43A6-B38C-541B-84377E0C13F3}.Release|Any CPU.Build.0 = Release|Any CPU
	EndGlobalSection
	GlobalSection(SolutionProperties) = preSolution
		HideSolutionNode = FALSE
	EndGlobalSection
EndGlobal
